
Microsoft Visual Studio Solution File, Format Version 12.00
# Visual Studio Version 17
VisualStudioVersion = 17.11.35312.102
MinimumVisualStudioVersion = 10.0.40219.1
Project("{FAE04EC0-301F-11D3-BF4B-00C04F79EFBC}") = "ZC_Informes", "ZC_Informes.csproj", "{AC1C26C6-7A53-4304-9E54-4554CA8A3489}"
EndProject
Global
	GlobalSection(SolutionConfigurationPlatforms) = preSolution
		Debug|Any CPU = Debug|Any CPU
		Release|Any CPU = Release|Any CPU
	EndGlobalSection
	GlobalSection(ProjectConfigurationPlatforms) = postSolution
		{AC1C26C6-7A53-4304-9E54-4554CA8A3489}.Debug|Any CPU.ActiveCfg = Debug|Any CPU
		{AC1C26C6-7A53-4304-9E54-4554CA8A3489}.Debug|Any CPU.Build.0 = Debug|Any CPU
		{AC1C26C6-7A53-4304-9E54-4554CA8A3489}.Release|Any CPU.ActiveCfg = Release|Any CPU
		{AC1C26C6-7A53-4304-9E54-4554CA8A3489}.Release|Any CPU.Build.0 = Release|Any CPU
	EndGlobalSection
	GlobalSection(SolutionProperties) = preSolution
		HideSolutionNode = FALSE
	EndGlobalSection
	GlobalSection(ExtensibilityGlobals) = postSolution
		SolutionGuid = {33BC07E2-CE18-422E-BB38-17A168BD8F27}
	EndGlobalSection
EndGlobal
